sections:
  main:
    display: Main
    fields:
      -
        handle: title
        field:
          type: text
          required: true
          validate:
            - required
      -
        handle: content
        field:
          type: markdown
          localizable: true
      -
        handle: usps
        field:
          display: Usps
          type: list
          icon: list
          listable: hidden
          instructions_position: above
          visibility: visible
title: 'Text With Usps Block'
